
Microsoft Visual Studio Solution File, Format Version 12.00
Project("{FAE04EC0-301F-11D3-BF4B-00C04F79EFBC}") = "GUID_learning", "GUID_learning\GUID_learning.csproj", "{9FCF4B19-4039-4D1E-A0A6-EE9FB35615D2}"
EndProject
Project("{FAE04EC0-301F-11D3-BF4B-00C04F79EFBC}") = "Csharp_V8_Switch", "Csharp_V8_Switch\Csharp_V8_Switch.csproj", "{2CDECC28-6D27-4232-902D-2478AD79B953}"
EndProject
Project("{FAE04EC0-301F-11D3-BF4B-00C04F79EFBC}") = "Csharp_V9_Record", "Csharp_V9_Record\Csharp_V9_Record.csproj", "{17A36B04-67C7-4CF1-A357-73B07C3DE689}"
EndProject
Project("{FAE04EC0-301F-11D3-BF4B-00C04F79EFBC}") = "Csharp_V7_Is", "Csharp_V7_Is\Csharp_V7_Is.csproj", "{F30BC569-8BF4-470A-B622-332DAE2CEB2B}"
EndProject
Project("{FAE04EC0-301F-11D3-BF4B-00C04F79EFBC}") = "Csharp_V7_Tuple", "Csharp_V7_Tuple\Csharp_V7_Tuple.csproj", "{5D65E7FD-229A-4041-BC0C-F83BF7FC14DB}"
EndProject
Project("{FAE04EC0-301F-11D3-BF4B-00C04F79EFBC}") = "Csharp_V7_Discard", "Csharp_V7_Discard\Csharp_V7_Discard.csproj", "{6DB00100-9FBA-49B4-81BB-3F1D7E2AA58B}"
EndProject
Project("{FAE04EC0-301F-11D3-BF4B-00C04F79EFBC}") = "Csharp_V8_Interface", "Csharp_V8_Interface\Csharp_V8_Interface.csproj", "{2D0EB9D4-6704-4AD0-885D-3CE597A9E3B2}"
EndProject
Project("{FAE04EC0-301F-11D3-BF4B-00C04F79EFBC}") = "Csharp_V8_Interface_Net5", "Csharp_V8_Interface_Net5\Csharp_V8_Interface_Net5.csproj", "{5A8119C0-BF14-45C3-8222-B8AF3006C446}"
EndProject
Project("{2150E333-8FDC-42A3-9474-1A3956D46DE8}") = "Leetcode", "Leetcode", "{B28F2AB4-FB17-4C16-9D6C-757D04B6A68E}"
EndProject
Project("{FAE04EC0-301F-11D3-BF4B-00C04F79EFBC}") = "MaxConsecutiveOnes", "MaxConsecutiveOnes\MaxConsecutiveOnes.csproj", "{875D0BAF-798C-41B7-8D65-52F4DDA01F92}"
EndProject
Project("{FAE04EC0-301F-11D3-BF4B-00C04F79EFBC}") = "FindNumberswithEvenNumberofDigits", "FindNumberswithEvenNumberofDigits\FindNumberswithEvenNumberofDigits.csproj", "{93414D17-5DA7-47CB-A91A-FED7CF82415D}"
EndProject
Project("{FAE04EC0-301F-11D3-BF4B-00C04F79EFBC}") = "SquaresofaSortedArray", "SquaresofaSortedArray\SquaresofaSortedArray.csproj", "{8D4B701B-D7C9-4F0D-A00D-F4267A822ABD}"
EndProject
Global
	GlobalSection(SolutionConfigurationPlatforms) = preSolution
		Debug|Any CPU = Debug|Any CPU
		Release|Any CPU = Release|Any CPU
	EndGlobalSection
	GlobalSection(ProjectConfigurationPlatforms) = postSolution
		{9FCF4B19-4039-4D1E-A0A6-EE9FB35615D2}.Debug|Any CPU.ActiveCfg = Debug|Any CPU
		{9FCF4B19-4039-4D1E-A0A6-EE9FB35615D2}.Debug|Any CPU.Build.0 = Debug|Any CPU
		{9FCF4B19-4039-4D1E-A0A6-EE9FB35615D2}.Release|Any CPU.ActiveCfg = Release|Any CPU
		{9FCF4B19-4039-4D1E-A0A6-EE9FB35615D2}.Release|Any CPU.Build.0 = Release|Any CPU
		{2CDECC28-6D27-4232-902D-2478AD79B953}.Debug|Any CPU.ActiveCfg = Debug|Any CPU
		{2CDECC28-6D27-4232-902D-2478AD79B953}.Debug|Any CPU.Build.0 = Debug|Any CPU
		{2CDECC28-6D27-4232-902D-2478AD79B953}.Release|Any CPU.ActiveCfg = Release|Any CPU
		{2CDECC28-6D27-4232-902D-2478AD79B953}.Release|Any CPU.Build.0 = Release|Any CPU
		{17A36B04-67C7-4CF1-A357-73B07C3DE689}.Debug|Any CPU.ActiveCfg = Debug|Any CPU
		{17A36B04-67C7-4CF1-A357-73B07C3DE689}.Debug|Any CPU.Build.0 = Debug|Any CPU
		{17A36B04-67C7-4CF1-A357-73B07C3DE689}.Release|Any CPU.ActiveCfg = Release|Any CPU
		{17A36B04-67C7-4CF1-A357-73B07C3DE689}.Release|Any CPU.Build.0 = Release|Any CPU
		{F30BC569-8BF4-470A-B622-332DAE2CEB2B}.Debug|Any CPU.ActiveCfg = Debug|Any CPU
		{F30BC569-8BF4-470A-B622-332DAE2CEB2B}.Debug|Any CPU.Build.0 = Debug|Any CPU
		{F30BC569-8BF4-470A-B622-332DAE2CEB2B}.Release|Any CPU.ActiveCfg = Release|Any CPU
		{F30BC569-8BF4-470A-B622-332DAE2CEB2B}.Release|Any CPU.Build.0 = Release|Any CPU
		{5D65E7FD-229A-4041-BC0C-F83BF7FC14DB}.Debug|Any CPU.ActiveCfg = Debug|Any CPU
		{5D65E7FD-229A-4041-BC0C-F83BF7FC14DB}.Debug|Any CPU.Build.0 = Debug|Any CPU
		{5D65E7FD-229A-4041-BC0C-F83BF7FC14DB}.Release|Any CPU.ActiveCfg = Release|Any CPU
		{5D65E7FD-229A-4041-BC0C-F83BF7FC14DB}.Release|Any CPU.Build.0 = Release|Any CPU
		{6DB00100-9FBA-49B4-81BB-3F1D7E2AA58B}.Debug|Any CPU.ActiveCfg = Debug|Any CPU
		{6DB00100-9FBA-49B4-81BB-3F1D7E2AA58B}.Debug|Any CPU.Build.0 = Debug|Any CPU
		{6DB00100-9FBA-49B4-81BB-3F1D7E2AA58B}.Release|Any CPU.ActiveCfg = Release|Any CPU
		{6DB00100-9FBA-49B4-81BB-3F1D7E2AA58B}.Release|Any CPU.Build.0 = Release|Any CPU
		{2D0EB9D4-6704-4AD0-885D-3CE597A9E3B2}.Debug|Any CPU.ActiveCfg = Debug|Any CPU
		{2D0EB9D4-6704-4AD0-885D-3CE597A9E3B2}.Debug|Any CPU.Build.0 = Debug|Any CPU
		{2D0EB9D4-6704-4AD0-885D-3CE597A9E3B2}.Release|Any CPU.ActiveCfg = Release|Any CPU
		{2D0EB9D4-6704-4AD0-885D-3CE597A9E3B2}.Release|Any CPU.Build.0 = Release|Any CPU
		{5A8119C0-BF14-45C3-8222-B8AF3006C446}.Debug|Any CPU.ActiveCfg = Debug|Any CPU
		{5A8119C0-BF14-45C3-8222-B8AF3006C446}.Debug|Any CPU.Build.0 = Debug|Any CPU
		{5A8119C0-BF14-45C3-8222-B8AF3006C446}.Release|Any CPU.ActiveCfg = Release|Any CPU
		{5A8119C0-BF14-45C3-8222-B8AF3006C446}.Release|Any CPU.Build.0 = Release|Any CPU
		{875D0BAF-798C-41B7-8D65-52F4DDA01F92}.Debug|Any CPU.ActiveCfg = Debug|Any CPU
		{875D0BAF-798C-41B7-8D65-52F4DDA01F92}.Debug|Any CPU.Build.0 = Debug|Any CPU
		{875D0BAF-798C-41B7-8D65-52F4DDA01F92}.Release|Any CPU.ActiveCfg = Release|Any CPU
		{875D0BAF-798C-41B7-8D65-52F4DDA01F92}.Release|Any CPU.Build.0 = Release|Any CPU
		{93414D17-5DA7-47CB-A91A-FED7CF82415D}.Debug|Any CPU.ActiveCfg = Debug|Any CPU
		{93414D17-5DA7-47CB-A91A-FED7CF82415D}.Debug|Any CPU.Build.0 = Debug|Any CPU
		{93414D17-5DA7-47CB-A91A-FED7CF82415D}.Release|Any CPU.ActiveCfg = Release|Any CPU
		{93414D17-5DA7-47CB-A91A-FED7CF82415D}.Release|Any CPU.Build.0 = Release|Any CPU
		{8D4B701B-D7C9-4F0D-A00D-F4267A822ABD}.Debug|Any CPU.ActiveCfg = Debug|Any CPU
		{8D4B701B-D7C9-4F0D-A00D-F4267A822ABD}.Debug|Any CPU.Build.0 = Debug|Any CPU
		{8D4B701B-D7C9-4F0D-A00D-F4267A822ABD}.Release|Any CPU.ActiveCfg = Release|Any CPU
		{8D4B701B-D7C9-4F0D-A00D-F4267A822ABD}.Release|Any CPU.Build.0 = Release|Any CPU
	EndGlobalSection
	GlobalSection(NestedProjects) = preSolution
		{875D0BAF-798C-41B7-8D65-52F4DDA01F92} = {B28F2AB4-FB17-4C16-9D6C-757D04B6A68E}
		{93414D17-5DA7-47CB-A91A-FED7CF82415D} = {B28F2AB4-FB17-4C16-9D6C-757D04B6A68E}
		{8D4B701B-D7C9-4F0D-A00D-F4267A822ABD} = {B28F2AB4-FB17-4C16-9D6C-757D04B6A68E}
	EndGlobalSection
EndGlobal
