
Microsoft Visual Studio Solution File, Format Version 12.00
Project("{FAE04EC0-301F-11D3-BF4B-00C04F79EFBC}") = "GUID_learning", "GUID_learning\GUID_learning.csproj", "{9FCF4B19-4039-4D1E-A0A6-EE9FB35615D2}"
EndProject
Project("{FAE04EC0-301F-11D3-BF4B-00C04F79EFBC}") = "Csharp_V8_Switch", "Csharp_V8_Switch\Csharp_V8_Switch.csproj", "{2CDECC28-6D27-4232-902D-2478AD79B953}"
EndProject
Project("{FAE04EC0-301F-11D3-BF4B-00C04F79EFBC}") = "Csharp_V9_Record", "Csharp_V9_Record\Csharp_V9_Record.csproj", "{17A36B04-67C7-4CF1-A357-73B07C3DE689}"
EndProject
Project("{FAE04EC0-301F-11D3-BF4B-00C04F79EFBC}") = "Csharp_V7_Is", "Csharp_V7_Is\Csharp_V7_Is.csproj", "{F30BC569-8BF4-470A-B622-332DAE2CEB2B}"
EndProject
Global
	GlobalSection(SolutionConfigurationPlatforms) = preSolution
		Debug|Any CPU = Debug|Any CPU
		Release|Any CPU = Release|Any CPU
	EndGlobalSection
	GlobalSection(ProjectConfigurationPlatforms) = postSolution
		{9FCF4B19-4039-4D1E-A0A6-EE9FB35615D2}.Debug|Any CPU.ActiveCfg = Debug|Any CPU
		{9FCF4B19-4039-4D1E-A0A6-EE9FB35615D2}.Debug|Any CPU.Build.0 = Debug|Any CPU
		{9FCF4B19-4039-4D1E-A0A6-EE9FB35615D2}.Release|Any CPU.ActiveCfg = Release|Any CPU
		{9FCF4B19-4039-4D1E-A0A6-EE9FB35615D2}.Release|Any CPU.Build.0 = Release|Any CPU
		{2CDECC28-6D27-4232-902D-2478AD79B953}.Debug|Any CPU.ActiveCfg = Debug|Any CPU
		{2CDECC28-6D27-4232-902D-2478AD79B953}.Debug|Any CPU.Build.0 = Debug|Any CPU
		{2CDECC28-6D27-4232-902D-2478AD79B953}.Release|Any CPU.ActiveCfg = Release|Any CPU
		{2CDECC28-6D27-4232-902D-2478AD79B953}.Release|Any CPU.Build.0 = Release|Any CPU
		{17A36B04-67C7-4CF1-A357-73B07C3DE689}.Debug|Any CPU.ActiveCfg = Debug|Any CPU
		{17A36B04-67C7-4CF1-A357-73B07C3DE689}.Debug|Any CPU.Build.0 = Debug|Any CPU
		{17A36B04-67C7-4CF1-A357-73B07C3DE689}.Release|Any CPU.ActiveCfg = Release|Any CPU
		{17A36B04-67C7-4CF1-A357-73B07C3DE689}.Release|Any CPU.Build.0 = Release|Any CPU
		{F30BC569-8BF4-470A-B622-332DAE2CEB2B}.Debug|Any CPU.ActiveCfg = Debug|Any CPU
		{F30BC569-8BF4-470A-B622-332DAE2CEB2B}.Debug|Any CPU.Build.0 = Debug|Any CPU
		{F30BC569-8BF4-470A-B622-332DAE2CEB2B}.Release|Any CPU.ActiveCfg = Release|Any CPU
		{F30BC569-8BF4-470A-B622-332DAE2CEB2B}.Release|Any CPU.Build.0 = Release|Any CPU
	EndGlobalSection
EndGlobal
