
Microsoft Visual Studio Solution File, Format Version 12.00
Project("{FAE04EC0-301F-11D3-BF4B-00C04F79EFBC}") = "GUID_learning", "GUID_learning\GUID_learning.csproj", "{9FCF4B19-4039-4D1E-A0A6-EE9FB35615D2}"
EndProject
Project("{FAE04EC0-301F-11D3-BF4B-00C04F79EFBC}") = "Csharp_V8_Switch", "Csharp_V8_Switch\Csharp_V8_Switch.csproj", "{2CDECC28-6D27-4232-902D-2478AD79B953}"
EndProject
Project("{FAE04EC0-301F-11D3-BF4B-00C04F79EFBC}") = "Csharp_V9_Record", "Csharp_V9_Record\Csharp_V9_Record.csproj", "{17A36B04-67C7-4CF1-A357-73B07C3DE689}"
EndProject
Project("{FAE04EC0-301F-11D3-BF4B-00C04F79EFBC}") = "Csharp_V7_Is", "Csharp_V7_Is\Csharp_V7_Is.csproj", "{F30BC569-8BF4-470A-B622-332DAE2CEB2B}"
EndProject
Project("{FAE04EC0-301F-11D3-BF4B-00C04F79EFBC}") = "Csharp_V7_Tuple", "Csharp_V7_Tuple\Csharp_V7_Tuple.csproj", "{5D65E7FD-229A-4041-BC0C-F83BF7FC14DB}"
EndProject
Project("{FAE04EC0-301F-11D3-BF4B-00C04F79EFBC}") = "Csharp_V7_Discard", "Csharp_V7_Discard\Csharp_V7_Discard.csproj", "{6DB00100-9FBA-49B4-81BB-3F1D7E2AA58B}"
EndProject
Project("{FAE04EC0-301F-11D3-BF4B-00C04F79EFBC}") = "Csharp_V8_Interface", "Csharp_V8_Interface\Csharp_V8_Interface.csproj", "{2D0EB9D4-6704-4AD0-885D-3CE597A9E3B2}"
EndProject
Project("{FAE04EC0-301F-11D3-BF4B-00C04F79EFBC}") = "Csharp_V8_Interface_Net5", "Csharp_V8_Interface_Net5\Csharp_V8_Interface_Net5.csproj", "{5A8119C0-BF14-45C3-8222-B8AF3006C446}"
EndProject
Project("{2150E333-8FDC-42A3-9474-1A3956D46DE8}") = "Leetcode", "Leetcode", "{B28F2AB4-FB17-4C16-9D6C-757D04B6A68E}"
EndProject
Project("{FAE04EC0-301F-11D3-BF4B-00C04F79EFBC}") = "MaxConsecutiveOnes", "MaxConsecutiveOnes\MaxConsecutiveOnes.csproj", "{875D0BAF-798C-41B7-8D65-52F4DDA01F92}"
EndProject
Project("{FAE04EC0-301F-11D3-BF4B-00C04F79EFBC}") = "FindNumberswithEvenNumberofDigits", "FindNumberswithEvenNumberofDigits\FindNumberswithEvenNumberofDigits.csproj", "{93414D17-5DA7-47CB-A91A-FED7CF82415D}"
EndProject
Project("{FAE04EC0-301F-11D3-BF4B-00C04F79EFBC}") = "SquaresofaSortedArray", "SquaresofaSortedArray\SquaresofaSortedArray.csproj", "{8D4B701B-D7C9-4F0D-A00D-F4267A822ABD}"
EndProject
Project("{FAE04EC0-301F-11D3-BF4B-00C04F79EFBC}") = "_0092_ReverseLinkedListII", "_0092_ReverseLinkedListII\_0092_ReverseLinkedListII.csproj", "{540AC255-3DB8-4C52-9E6F-0EB8A2B8A807}"
EndProject
Project("{2150E333-8FDC-42A3-9474-1A3956D46DE8}") = "Interface", "Interface", "{6799F74B-5B29-4900-B579-82A88B40C7B6}"
EndProject
Project("{FAE04EC0-301F-11D3-BF4B-00C04F79EFBC}") = "TwoInterface", "TwoInterface\TwoInterface.csproj", "{87713525-4403-4706-94CE-9BE21F2B6F13}"
EndProject
Project("{FAE04EC0-301F-11D3-BF4B-00C04F79EFBC}") = "MultidimensionalArrays", "MultidimensionalArrays\MultidimensionalArrays.csproj", "{E0341FBE-93DD-46C3-92E0-9245391225A5}"
EndProject
Project("{2150E333-8FDC-42A3-9474-1A3956D46DE8}") = "Array", "Array", "{5178FF3E-459F-4DD1-B7A8-D0B428476794}"
EndProject
Project("{2150E333-8FDC-42A3-9474-1A3956D46DE8}") = "Object", "Object", "{0BC7A479-568F-41EA-B303-68CD079E7537}"
EndProject
Project("{FAE04EC0-301F-11D3-BF4B-00C04F79EFBC}") = "BankOOP", "BankOOP\BankOOP.csproj", "{4766F0A3-2A79-4B8B-AE26-170FCDA5FD48}"
EndProject
Project("{FAE04EC0-301F-11D3-BF4B-00C04F79EFBC}") = "Csharp_V_AsyncEnumerables", "Csharp_V_AsyncEnumerables\Csharp_V_AsyncEnumerables.csproj", "{036EF12B-4DCC-419D-8F72-C18DDE6620BC}"
EndProject
Project("{FAE04EC0-301F-11D3-BF4B-00C04F79EFBC}") = "WpfApplication2", "WpfApplication2\WpfApplication2.csproj", "{A0F02300-560C-48DA-8823-7E488CDAE25C}"
EndProject
Project("{2150E333-8FDC-42A3-9474-1A3956D46DE8}") = "Delegate", "Delegate", "{D90A4B9F-16D6-46C2-8D63-7E42CFF13383}"
EndProject
Project("{FAE04EC0-301F-11D3-BF4B-00C04F79EFBC}") = "Delegate", "Delegate\Delegate.csproj", "{6936A7F3-6D26-4A55-A78C-963500C9DC85}"
EndProject
Project("{2150E333-8FDC-42A3-9474-1A3956D46DE8}") = "Iterator ", "Iterator ", "{D668F005-6E34-4D65-9A2A-04597C818EC1}"
EndProject
Project("{FAE04EC0-301F-11D3-BF4B-00C04F79EFBC}") = "IEnumerable", "IEnumerable\IEnumerable.csproj", "{0439332A-1EC6-466A-86A2-89F1887C6751}"
EndProject
Project("{2150E333-8FDC-42A3-9474-1A3956D46DE8}") = "LINQ", "LINQ", "{ADFEA70C-B6F4-4C0C-80A9-68C8835E5641}"
EndProject
Project("{FAE04EC0-301F-11D3-BF4B-00C04F79EFBC}") = "LINQ_Basic", "LINQ_Basic\LINQ_Basic.csproj", "{D4C2D9A3-3F4B-4CC0-80B4-668EE5D41AB3}"
EndProject
Project("{FAE04EC0-301F-11D3-BF4B-00C04F79EFBC}") = "LINQ_from", "LINQ_from\LINQ_from.csproj", "{72BE87C6-3984-462F-BD64-37E7516927CD}"
EndProject
Project("{FAE04EC0-301F-11D3-BF4B-00C04F79EFBC}") = "LINQ_Where", "LINQ_Where\LINQ_Where.csproj", "{6CD28619-6836-4311-80D1-425B082E0867}"
EndProject
Project("{FAE04EC0-301F-11D3-BF4B-00C04F79EFBC}") = "LINQ_Select", "LINQ_Select\LINQ_Select.csproj", "{52AE495F-F00A-4343-A669-AD2A8D360F3F}"
EndProject
Project("{FAE04EC0-301F-11D3-BF4B-00C04F79EFBC}") = "LINQ_Group", "LINQ_Group\LINQ_Group.csproj", "{BF831830-5542-49FD-83D3-09081E6AEA08}"
EndProject
Global
	GlobalSection(SolutionConfigurationPlatforms) = preSolution
		Debug|Any CPU = Debug|Any CPU
		Release|Any CPU = Release|Any CPU
	EndGlobalSection
	GlobalSection(ProjectConfigurationPlatforms) = postSolution
		{9FCF4B19-4039-4D1E-A0A6-EE9FB35615D2}.Debug|Any CPU.ActiveCfg = Debug|Any CPU
		{9FCF4B19-4039-4D1E-A0A6-EE9FB35615D2}.Debug|Any CPU.Build.0 = Debug|Any CPU
		{9FCF4B19-4039-4D1E-A0A6-EE9FB35615D2}.Release|Any CPU.ActiveCfg = Release|Any CPU
		{9FCF4B19-4039-4D1E-A0A6-EE9FB35615D2}.Release|Any CPU.Build.0 = Release|Any CPU
		{2CDECC28-6D27-4232-902D-2478AD79B953}.Debug|Any CPU.ActiveCfg = Debug|Any CPU
		{2CDECC28-6D27-4232-902D-2478AD79B953}.Debug|Any CPU.Build.0 = Debug|Any CPU
		{2CDECC28-6D27-4232-902D-2478AD79B953}.Release|Any CPU.ActiveCfg = Release|Any CPU
		{2CDECC28-6D27-4232-902D-2478AD79B953}.Release|Any CPU.Build.0 = Release|Any CPU
		{17A36B04-67C7-4CF1-A357-73B07C3DE689}.Debug|Any CPU.ActiveCfg = Debug|Any CPU
		{17A36B04-67C7-4CF1-A357-73B07C3DE689}.Debug|Any CPU.Build.0 = Debug|Any CPU
		{17A36B04-67C7-4CF1-A357-73B07C3DE689}.Release|Any CPU.ActiveCfg = Release|Any CPU
		{17A36B04-67C7-4CF1-A357-73B07C3DE689}.Release|Any CPU.Build.0 = Release|Any CPU
		{F30BC569-8BF4-470A-B622-332DAE2CEB2B}.Debug|Any CPU.ActiveCfg = Debug|Any CPU
		{F30BC569-8BF4-470A-B622-332DAE2CEB2B}.Debug|Any CPU.Build.0 = Debug|Any CPU
		{F30BC569-8BF4-470A-B622-332DAE2CEB2B}.Release|Any CPU.ActiveCfg = Release|Any CPU
		{F30BC569-8BF4-470A-B622-332DAE2CEB2B}.Release|Any CPU.Build.0 = Release|Any CPU
		{5D65E7FD-229A-4041-BC0C-F83BF7FC14DB}.Debug|Any CPU.ActiveCfg = Debug|Any CPU
		{5D65E7FD-229A-4041-BC0C-F83BF7FC14DB}.Debug|Any CPU.Build.0 = Debug|Any CPU
		{5D65E7FD-229A-4041-BC0C-F83BF7FC14DB}.Release|Any CPU.ActiveCfg = Release|Any CPU
		{5D65E7FD-229A-4041-BC0C-F83BF7FC14DB}.Release|Any CPU.Build.0 = Release|Any CPU
		{6DB00100-9FBA-49B4-81BB-3F1D7E2AA58B}.Debug|Any CPU.ActiveCfg = Debug|Any CPU
		{6DB00100-9FBA-49B4-81BB-3F1D7E2AA58B}.Debug|Any CPU.Build.0 = Debug|Any CPU
		{6DB00100-9FBA-49B4-81BB-3F1D7E2AA58B}.Release|Any CPU.ActiveCfg = Release|Any CPU
		{6DB00100-9FBA-49B4-81BB-3F1D7E2AA58B}.Release|Any CPU.Build.0 = Release|Any CPU
		{2D0EB9D4-6704-4AD0-885D-3CE597A9E3B2}.Debug|Any CPU.ActiveCfg = Debug|Any CPU
		{2D0EB9D4-6704-4AD0-885D-3CE597A9E3B2}.Debug|Any CPU.Build.0 = Debug|Any CPU
		{2D0EB9D4-6704-4AD0-885D-3CE597A9E3B2}.Release|Any CPU.ActiveCfg = Release|Any CPU
		{2D0EB9D4-6704-4AD0-885D-3CE597A9E3B2}.Release|Any CPU.Build.0 = Release|Any CPU
		{5A8119C0-BF14-45C3-8222-B8AF3006C446}.Debug|Any CPU.ActiveCfg = Debug|Any CPU
		{5A8119C0-BF14-45C3-8222-B8AF3006C446}.Debug|Any CPU.Build.0 = Debug|Any CPU
		{5A8119C0-BF14-45C3-8222-B8AF3006C446}.Release|Any CPU.ActiveCfg = Release|Any CPU
		{5A8119C0-BF14-45C3-8222-B8AF3006C446}.Release|Any CPU.Build.0 = Release|Any CPU
		{875D0BAF-798C-41B7-8D65-52F4DDA01F92}.Debug|Any CPU.ActiveCfg = Debug|Any CPU
		{875D0BAF-798C-41B7-8D65-52F4DDA01F92}.Debug|Any CPU.Build.0 = Debug|Any CPU
		{875D0BAF-798C-41B7-8D65-52F4DDA01F92}.Release|Any CPU.ActiveCfg = Release|Any CPU
		{875D0BAF-798C-41B7-8D65-52F4DDA01F92}.Release|Any CPU.Build.0 = Release|Any CPU
		{93414D17-5DA7-47CB-A91A-FED7CF82415D}.Debug|Any CPU.ActiveCfg = Debug|Any CPU
		{93414D17-5DA7-47CB-A91A-FED7CF82415D}.Debug|Any CPU.Build.0 = Debug|Any CPU
		{93414D17-5DA7-47CB-A91A-FED7CF82415D}.Release|Any CPU.ActiveCfg = Release|Any CPU
		{93414D17-5DA7-47CB-A91A-FED7CF82415D}.Release|Any CPU.Build.0 = Release|Any CPU
		{8D4B701B-D7C9-4F0D-A00D-F4267A822ABD}.Debug|Any CPU.ActiveCfg = Debug|Any CPU
		{8D4B701B-D7C9-4F0D-A00D-F4267A822ABD}.Debug|Any CPU.Build.0 = Debug|Any CPU
		{8D4B701B-D7C9-4F0D-A00D-F4267A822ABD}.Release|Any CPU.ActiveCfg = Release|Any CPU
		{8D4B701B-D7C9-4F0D-A00D-F4267A822ABD}.Release|Any CPU.Build.0 = Release|Any CPU
		{540AC255-3DB8-4C52-9E6F-0EB8A2B8A807}.Debug|Any CPU.ActiveCfg = Debug|Any CPU
		{540AC255-3DB8-4C52-9E6F-0EB8A2B8A807}.Debug|Any CPU.Build.0 = Debug|Any CPU
		{540AC255-3DB8-4C52-9E6F-0EB8A2B8A807}.Release|Any CPU.ActiveCfg = Release|Any CPU
		{540AC255-3DB8-4C52-9E6F-0EB8A2B8A807}.Release|Any CPU.Build.0 = Release|Any CPU
		{87713525-4403-4706-94CE-9BE21F2B6F13}.Debug|Any CPU.ActiveCfg = Debug|Any CPU
		{87713525-4403-4706-94CE-9BE21F2B6F13}.Debug|Any CPU.Build.0 = Debug|Any CPU
		{87713525-4403-4706-94CE-9BE21F2B6F13}.Release|Any CPU.ActiveCfg = Release|Any CPU
		{87713525-4403-4706-94CE-9BE21F2B6F13}.Release|Any CPU.Build.0 = Release|Any CPU
		{E0341FBE-93DD-46C3-92E0-9245391225A5}.Debug|Any CPU.ActiveCfg = Debug|Any CPU
		{E0341FBE-93DD-46C3-92E0-9245391225A5}.Debug|Any CPU.Build.0 = Debug|Any CPU
		{E0341FBE-93DD-46C3-92E0-9245391225A5}.Release|Any CPU.ActiveCfg = Release|Any CPU
		{E0341FBE-93DD-46C3-92E0-9245391225A5}.Release|Any CPU.Build.0 = Release|Any CPU
		{4766F0A3-2A79-4B8B-AE26-170FCDA5FD48}.Debug|Any CPU.ActiveCfg = Debug|Any CPU
		{4766F0A3-2A79-4B8B-AE26-170FCDA5FD48}.Debug|Any CPU.Build.0 = Debug|Any CPU
		{4766F0A3-2A79-4B8B-AE26-170FCDA5FD48}.Release|Any CPU.ActiveCfg = Release|Any CPU
		{4766F0A3-2A79-4B8B-AE26-170FCDA5FD48}.Release|Any CPU.Build.0 = Release|Any CPU
		{036EF12B-4DCC-419D-8F72-C18DDE6620BC}.Debug|Any CPU.ActiveCfg = Debug|Any CPU
		{036EF12B-4DCC-419D-8F72-C18DDE6620BC}.Debug|Any CPU.Build.0 = Debug|Any CPU
		{036EF12B-4DCC-419D-8F72-C18DDE6620BC}.Release|Any CPU.ActiveCfg = Release|Any CPU
		{036EF12B-4DCC-419D-8F72-C18DDE6620BC}.Release|Any CPU.Build.0 = Release|Any CPU
		{A0F02300-560C-48DA-8823-7E488CDAE25C}.Debug|Any CPU.ActiveCfg = Debug|Any CPU
		{A0F02300-560C-48DA-8823-7E488CDAE25C}.Debug|Any CPU.Build.0 = Debug|Any CPU
		{A0F02300-560C-48DA-8823-7E488CDAE25C}.Release|Any CPU.ActiveCfg = Release|Any CPU
		{A0F02300-560C-48DA-8823-7E488CDAE25C}.Release|Any CPU.Build.0 = Release|Any CPU
		{6936A7F3-6D26-4A55-A78C-963500C9DC85}.Debug|Any CPU.ActiveCfg = Debug|Any CPU
		{6936A7F3-6D26-4A55-A78C-963500C9DC85}.Debug|Any CPU.Build.0 = Debug|Any CPU
		{6936A7F3-6D26-4A55-A78C-963500C9DC85}.Release|Any CPU.ActiveCfg = Release|Any CPU
		{6936A7F3-6D26-4A55-A78C-963500C9DC85}.Release|Any CPU.Build.0 = Release|Any CPU
		{0439332A-1EC6-466A-86A2-89F1887C6751}.Debug|Any CPU.ActiveCfg = Debug|Any CPU
		{0439332A-1EC6-466A-86A2-89F1887C6751}.Debug|Any CPU.Build.0 = Debug|Any CPU
		{0439332A-1EC6-466A-86A2-89F1887C6751}.Release|Any CPU.ActiveCfg = Release|Any CPU
		{0439332A-1EC6-466A-86A2-89F1887C6751}.Release|Any CPU.Build.0 = Release|Any CPU
		{D4C2D9A3-3F4B-4CC0-80B4-668EE5D41AB3}.Debug|Any CPU.ActiveCfg = Debug|Any CPU
		{D4C2D9A3-3F4B-4CC0-80B4-668EE5D41AB3}.Debug|Any CPU.Build.0 = Debug|Any CPU
		{D4C2D9A3-3F4B-4CC0-80B4-668EE5D41AB3}.Release|Any CPU.ActiveCfg = Release|Any CPU
		{D4C2D9A3-3F4B-4CC0-80B4-668EE5D41AB3}.Release|Any CPU.Build.0 = Release|Any CPU
		{72BE87C6-3984-462F-BD64-37E7516927CD}.Debug|Any CPU.ActiveCfg = Debug|Any CPU
		{72BE87C6-3984-462F-BD64-37E7516927CD}.Debug|Any CPU.Build.0 = Debug|Any CPU
		{72BE87C6-3984-462F-BD64-37E7516927CD}.Release|Any CPU.ActiveCfg = Release|Any CPU
		{72BE87C6-3984-462F-BD64-37E7516927CD}.Release|Any CPU.Build.0 = Release|Any CPU
		{6CD28619-6836-4311-80D1-425B082E0867}.Debug|Any CPU.ActiveCfg = Debug|Any CPU
		{6CD28619-6836-4311-80D1-425B082E0867}.Debug|Any CPU.Build.0 = Debug|Any CPU
		{6CD28619-6836-4311-80D1-425B082E0867}.Release|Any CPU.ActiveCfg = Release|Any CPU
		{6CD28619-6836-4311-80D1-425B082E0867}.Release|Any CPU.Build.0 = Release|Any CPU
		{52AE495F-F00A-4343-A669-AD2A8D360F3F}.Debug|Any CPU.ActiveCfg = Debug|Any CPU
		{52AE495F-F00A-4343-A669-AD2A8D360F3F}.Debug|Any CPU.Build.0 = Debug|Any CPU
		{52AE495F-F00A-4343-A669-AD2A8D360F3F}.Release|Any CPU.ActiveCfg = Release|Any CPU
		{52AE495F-F00A-4343-A669-AD2A8D360F3F}.Release|Any CPU.Build.0 = Release|Any CPU
		{BF831830-5542-49FD-83D3-09081E6AEA08}.Debug|Any CPU.ActiveCfg = Debug|Any CPU
		{BF831830-5542-49FD-83D3-09081E6AEA08}.Debug|Any CPU.Build.0 = Debug|Any CPU
		{BF831830-5542-49FD-83D3-09081E6AEA08}.Release|Any CPU.ActiveCfg = Release|Any CPU
		{BF831830-5542-49FD-83D3-09081E6AEA08}.Release|Any CPU.Build.0 = Release|Any CPU
	EndGlobalSection
	GlobalSection(NestedProjects) = preSolution
		{875D0BAF-798C-41B7-8D65-52F4DDA01F92} = {B28F2AB4-FB17-4C16-9D6C-757D04B6A68E}
		{93414D17-5DA7-47CB-A91A-FED7CF82415D} = {B28F2AB4-FB17-4C16-9D6C-757D04B6A68E}
		{8D4B701B-D7C9-4F0D-A00D-F4267A822ABD} = {B28F2AB4-FB17-4C16-9D6C-757D04B6A68E}
		{540AC255-3DB8-4C52-9E6F-0EB8A2B8A807} = {B28F2AB4-FB17-4C16-9D6C-757D04B6A68E}
		{87713525-4403-4706-94CE-9BE21F2B6F13} = {6799F74B-5B29-4900-B579-82A88B40C7B6}
		{E0341FBE-93DD-46C3-92E0-9245391225A5} = {5178FF3E-459F-4DD1-B7A8-D0B428476794}
		{4766F0A3-2A79-4B8B-AE26-170FCDA5FD48} = {0BC7A479-568F-41EA-B303-68CD079E7537}
		{6936A7F3-6D26-4A55-A78C-963500C9DC85} = {D90A4B9F-16D6-46C2-8D63-7E42CFF13383}
		{0439332A-1EC6-466A-86A2-89F1887C6751} = {D668F005-6E34-4D65-9A2A-04597C818EC1}
		{D4C2D9A3-3F4B-4CC0-80B4-668EE5D41AB3} = {ADFEA70C-B6F4-4C0C-80A9-68C8835E5641}
		{72BE87C6-3984-462F-BD64-37E7516927CD} = {ADFEA70C-B6F4-4C0C-80A9-68C8835E5641}
		{6CD28619-6836-4311-80D1-425B082E0867} = {ADFEA70C-B6F4-4C0C-80A9-68C8835E5641}
		{52AE495F-F00A-4343-A669-AD2A8D360F3F} = {ADFEA70C-B6F4-4C0C-80A9-68C8835E5641}
		{BF831830-5542-49FD-83D3-09081E6AEA08} = {ADFEA70C-B6F4-4C0C-80A9-68C8835E5641}
	EndGlobalSection
EndGlobal
